
Microsoft Visual Studio Solution File, Format Version 12.00
# Visual Studio Version 17
VisualStudioVersion = 17.9.34622.214
MinimumVisualStudioVersion = 10.0.40219.1
Project("{FAE04EC0-301F-11D3-BF4B-00C04F79EFBC}") = "Chat-App", "Chat-App\Chat-App.csproj", "{D77E033D-0D59-4D1D-B480-CDE188073C75}"
EndProject
Project("{FAE04EC0-301F-11D3-BF4B-00C04F79EFBC}") = "Chat-App.Core", "Chat-App.Core\Chat-App.Core.csproj", "{850BAF46-C5C1-46A6-865D-FA7FC21B7729}"
EndProject
Project("{FAE04EC0-301F-11D3-BF4B-00C04F79EFBC}") = "Chat-App.Infrastructure", "Chat-App.Infrastructure\Chat-App.Infrastructure.csproj", "{9CF29B52-B9E6-43BD-A9F9-79123FFE7E6E}"
EndProject
Global
	GlobalSection(SolutionConfigurationPlatforms) = preSolution
		Debug|Any CPU = Debug|Any CPU
		Release|Any CPU = Release|Any CPU
	EndGlobalSection
	GlobalSection(ProjectConfigurationPlatforms) = postSolution
		{D77E033D-0D59-4D1D-B480-CDE188073C75}.Debug|Any CPU.ActiveCfg = Debug|Any CPU
		{D77E033D-0D59-4D1D-B480-CDE188073C75}.Debug|Any CPU.Build.0 = Debug|Any CPU
		{D77E033D-0D59-4D1D-B480-CDE188073C75}.Release|Any CPU.ActiveCfg = Release|Any CPU
		{D77E033D-0D59-4D1D-B480-CDE188073C75}.Release|Any CPU.Build.0 = Release|Any CPU
		{850BAF46-C5C1-46A6-865D-FA7FC21B7729}.Debug|Any CPU.ActiveCfg = Debug|Any CPU
		{850BAF46-C5C1-46A6-865D-FA7FC21B7729}.Debug|Any CPU.Build.0 = Debug|Any CPU
		{850BAF46-C5C1-46A6-865D-FA7FC21B7729}.Release|Any CPU.ActiveCfg = Release|Any CPU
		{850BAF46-C5C1-46A6-865D-FA7FC21B7729}.Release|Any CPU.Build.0 = Release|Any CPU
		{9CF29B52-B9E6-43BD-A9F9-79123FFE7E6E}.Debug|Any CPU.ActiveCfg = Debug|Any CPU
		{9CF29B52-B9E6-43BD-A9F9-79123FFE7E6E}.Debug|Any CPU.Build.0 = Debug|Any CPU
		{9CF29B52-B9E6-43BD-A9F9-79123FFE7E6E}.Release|Any CPU.ActiveCfg = Release|Any CPU
		{9CF29B52-B9E6-43BD-A9F9-79123FFE7E6E}.Release|Any CPU.Build.0 = Release|Any CPU
	EndGlobalSection
	GlobalSection(SolutionProperties) = preSolution
		HideSolutionNode = FALSE
	EndGlobalSection
	GlobalSection(ExtensibilityGlobals) = postSolution
		SolutionGuid = {22DC4370-12A6-4634-A1BB-DAC74093274F}
	EndGlobalSection
EndGlobal
